// !$*UTF8*$!
{
	archiveVersion = 1;
	classes = {
	};
	objectVersion = 50;
	objects = {

/* Begin PBXBuildFile section */
		A231E7F124E1EF4B00CC835E /* AppDelegate.swift in Sources */ = {isa = PBXBuildFile; fileRef = A231E7F024E1EF4B00CC835E /* AppDelegate.swift */; };
		A231E7F324E1EF4B00CC835E /* ContentView.swift in Sources */ = {isa = PBXBuildFile; fileRef = A231E7F224E1EF4B00CC835E /* ContentView.swift */; };
		A231E7F524E1EF4E00CC835E /* Assets.xcassets in Resources */ = {isa = PBXBuildFile; fileRef = A231E7F424E1EF4E00CC835E /* Assets.xcassets */; };
		A231E7F824E1EF4E00CC835E /* Preview Assets.xcassets in Resources */ = {isa = PBXBuildFile; fileRef = A231E7F724E1EF4E00CC835E /* Preview Assets.xcassets */; };
		A231E7FB24E1EF4E00CC835E /* Main.storyboard in Resources */ = {isa = PBXBuildFile; fileRef = A231E7F924E1EF4E00CC835E /* Main.storyboard */; };
		A231E80724E1EF4E00CC835E /* WalrusTests.swift in Sources */ = {isa = PBXBuildFile; fileRef = A231E80624E1EF4E00CC835E /* WalrusTests.swift */; };
		A231E81224E1EF4E00CC835E /* WalrusUITests.swift in Sources */ = {isa = PBXBuildFile; fileRef = A231E81124E1EF4E00CC835E /* WalrusUITests.swift */; };
		A231E82024E1F42700CC835E /* WebView.swift in Sources */ = {isa = PBXBuildFile; fileRef = A231E81F24E1F42700CC835E /* WebView.swift */; };
/* End PBXBuildFile section */

/* Begin PBXContainerItemProxy section */
		A231E80324E1EF4E00CC835E /* PBXContainerItemProxy */ = {
			isa = PBXContainerItemProxy;
			containerPortal = A231E7E524E1EF4B00CC835E /* Project object */;
			proxyType = 1;
			remoteGlobalIDString = A231E7EC24E1EF4B00CC835E;
			remoteInfo = Walrus;
		};
		A231E80E24E1EF4E00CC835E /* PBXContainerItemProxy */ = {
			isa = PBXContainerItemProxy;
			containerPortal = A231E7E524E1EF4B00CC835E /* Project object */;
			proxyType = 1;
			remoteGlobalIDString = A231E7EC24E1EF4B00CC835E;
			remoteInfo = Walrus;
		};
/* End PBXContainerItemProxy section */

/* Begin PBXFileReference section */
		A231E7ED24E1EF4B00CC835E /* Walrus.app */ = {isa = PBXFileReference; explicitFileType = wrapper.application; includeInIndex = 0; path = Walrus.app; sourceTree = BUILT_PRODUCTS_DIR; };
		A231E7F024E1EF4B00CC835E /* AppDelegate.swift */ = {isa = PBXFileReference; lastKnownFileType = sourcecode.swift; path = AppDelegate.swift; sourceTree = "<group>"; };
		A231E7F224E1EF4B00CC835E /* ContentView.swift */ = {isa = PBXFileReference; lastKnownFileType = sourcecode.swift; path = ContentView.swift; sourceTree = "<group>"; };
		A231E7F424E1EF4E00CC835E /* Assets.xcassets */ = {isa = PBXFileReference; lastKnownFileType = folder.assetcatalog; path = Assets.xcassets; sourceTree = "<group>"; };
		A231E7F724E1EF4E00CC835E /* Preview Assets.xcassets */ = {isa = PBXFileReference; lastKnownFileType = folder.assetcatalog; path = "Preview Assets.xcassets"; sourceTree = "<group>"; };
		A231E7FA24E1EF4E00CC835E /* Base */ = {isa = PBXFileReference; lastKnownFileType = file.storyboard; name = Base; path = Base.lproj/Main.storyboard; sourceTree = "<group>"; };
		A231E7FC24E1EF4E00CC835E /* Info.plist */ = {isa = PBXFileReference; lastKnownFileType = text.plist.xml; path = Info.plist; sourceTree = "<group>"; };
		A231E7FD24E1EF4E00CC835E /* Walrus.entitlements */ = {isa = PBXFileReference; lastKnownFileType = text.plist.entitlements; path = Walrus.entitlements; sourceTree = "<group>"; };
		A231E80224E1EF4E00CC835E /* WalrusTests.xctest */ = {isa = PBXFileReference; explicitFileType = wrapper.cfbundle; includeInIndex = 0; path = WalrusTests.xctest; sourceTree = BUILT_PRODUCTS_DIR; };
		A231E80624E1EF4E00CC835E /* WalrusTests.swift */ = {isa = PBXFileReference; lastKnownFileType = sourcecode.swift; path = WalrusTests.swift; sourceTree = "<group>"; };
		A231E80824E1EF4E00CC835E /* Info.plist */ = {isa = PBXFileReference; lastKnownFileType = text.plist.xml; path = Info.plist; sourceTree = "<group>"; };
		A231E80D24E1EF4E00CC835E /* WalrusUITests.xctest */ = {isa = PBXFileReference; explicitFileType = wrapper.cfbundle; includeInIndex = 0; path = WalrusUITests.xctest; sourceTree = BUILT_PRODUCTS_DIR; };
		A231E81124E1EF4E00CC835E /* WalrusUITests.swift */ = {isa = PBXFileReference; lastKnownFileType = sourcecode.swift; path = WalrusUITests.swift; sourceTree = "<group>"; };
		A231E81324E1EF4E00CC835E /* Info.plist */ = {isa = PBXFileReference; lastKnownFileType = text.plist.xml; path = Info.plist; sourceTree = "<group>"; };
		A231E81F24E1F42700CC835E /* WebView.swift */ = {isa = PBXFileReference; lastKnownFileType = sourcecode.swift; path = WebView.swift; sourceTree = "<group>"; };
/* End PBXFileReference section */

/* Begin PBXFrameworksBuildPhase section */
		A231E7EA24E1EF4B00CC835E /* Frameworks */ = {
			isa = PBXFrameworksBuildPhase;
			buildActionMask = 2147483647;
			files = (
			);
			runOnlyForDeploymentPostprocessing = 0;
		};
		A231E7FF24E1EF4E00CC835E /* Frameworks */ = {
			isa = PBXFrameworksBuildPhase;
			buildActionMask = 2147483647;
			files = (
			);
			runOnlyForDeploymentPostprocessing = 0;
		};
		A231E80A24E1EF4E00CC835E /* Frameworks */ = {
			isa = PBXFrameworksBuildPhase;
			buildActionMask = 2147483647;
			files = (
			);
			runOnlyForDeploymentPostprocessing = 0;
		};
/* End PBXFrameworksBuildPhase section */

/* Begin PBXGroup section */
		A231E7E424E1EF4B00CC835E = {
			isa = PBXGroup;
			children = (
				A231E7EF24E1EF4B00CC835E /* Walrus */,
				A231E80524E1EF4E00CC835E /* WalrusTests */,
				A231E81024E1EF4E00CC835E /* WalrusUITests */,
				A231E7EE24E1EF4B00CC835E /* Products */,
			);
			sourceTree = "<group>";
		};
		A231E7EE24E1EF4B00CC835E /* Products */ = {
			isa = PBXGroup;
			children = (
				A231E7ED24E1EF4B00CC835E /* Walrus.app */,
				A231E80224E1EF4E00CC835E /* WalrusTests.xctest */,
				A231E80D24E1EF4E00CC835E /* WalrusUITests.xctest */,
			);
			name = Products;
			sourceTree = "<group>";
		};
		A231E7EF24E1EF4B00CC835E /* Walrus */ = {
			isa = PBXGroup;
			children = (
				A231E7F024E1EF4B00CC835E /* AppDelegate.swift */,
				A231E7F224E1EF4B00CC835E /* ContentView.swift */,
				A231E7F424E1EF4E00CC835E /* Assets.xcassets */,
				A231E7F924E1EF4E00CC835E /* Main.storyboard */,
				A231E7FC24E1EF4E00CC835E /* Info.plist */,
				A231E7FD24E1EF4E00CC835E /* Walrus.entitlements */,
				A231E7F624E1EF4E00CC835E /* Preview Content */,
				A231E81F24E1F42700CC835E /* WebView.swift */,
			);
			path = Walrus;
			sourceTree = "<group>";
		};
		A231E7F624E1EF4E00CC835E /* Preview Content */ = {
			isa = PBXGroup;
			children = (
				A231E7F724E1EF4E00CC835E /* Preview Assets.xcassets */,
			);
			path = "Preview Content";
			sourceTree = "<group>";
		};
		A231E80524E1EF4E00CC835E /* WalrusTests */ = {
			isa = PBXGroup;
			children = (
				A231E80624E1EF4E00CC835E /* WalrusTests.swift */,
				A231E80824E1EF4E00CC835E /* Info.plist */,
			);
			path = WalrusTests;
			sourceTree = "<group>";
		};
		A231E81024E1EF4E00CC835E /* WalrusUITests */ = {
			isa = PBXGroup;
			children = (
				A231E81124E1EF4E00CC835E /* WalrusUITests.swift */,
				A231E81324E1EF4E00CC835E /* Info.plist */,
			);
			path = WalrusUITests;
			sourceTree = "<group>";
		};
/* End PBXGroup section */

/* Begin PBXNativeTarget section */
		A231E7EC24E1EF4B00CC835E /* Walrus */ = {
			isa = PBXNativeTarget;
			buildConfigurationList = A231E81624E1EF4E00CC835E /* Build configuration list for PBXNativeTarget "Walrus" */;
			buildPhases = (
				A231E7E924E1EF4B00CC835E /* Sources */,
				A231E7EA24E1EF4B00CC835E /* Frameworks */,
				A231E7EB24E1EF4B00CC835E /* Resources */,
			);
			buildRules = (
			);
			dependencies = (
			);
			name = Walrus;
			productName = Walrus;
			productReference = A231E7ED24E1EF4B00CC835E /* Walrus.app */;
			productType = "com.apple.product-type.application";
		};
		A231E80124E1EF4E00CC835E /* WalrusTests */ = {
			isa = PBXNativeTarget;
			buildConfigurationList = A231E81924E1EF4E00CC835E /* Build configuration list for PBXNativeTarget "WalrusTests" */;
			buildPhases = (
				A231E7FE24E1EF4E00CC835E /* Sources */,
				A231E7FF24E1EF4E00CC835E /* Frameworks */,
				A231E80024E1EF4E00CC835E /* Resources */,
			);
			buildRules = (
			);
			dependencies = (
				A231E80424E1EF4E00CC835E /* PBXTargetDependency */,
			);
			name = WalrusTests;
			productName = WalrusTests;
			productReference = A231E80224E1EF4E00CC835E /* WalrusTests.xctest */;
			productType = "com.apple.product-type.bundle.unit-test";
		};
		A231E80C24E1EF4E00CC835E /* WalrusUITests */ = {
			isa = PBXNativeTarget;
			buildConfigurationList = A231E81C24E1EF4E00CC835E /* Build configuration list for PBXNativeTarget "WalrusUITests" */;
			buildPhases = (
				A231E80924E1EF4E00CC835E /* Sources */,
				A231E80A24E1EF4E00CC835E /* Frameworks */,
				A231E80B24E1EF4E00CC835E /* Resources */,
			);
			buildRules = (
			);
			dependencies = (
				A231E80F24E1EF4E00CC835E /* PBXTargetDependency */,
			);
			name = WalrusUITests;
			productName = WalrusUITests;
			productReference = A231E80D24E1EF4E00CC835E /* WalrusUITests.xctest */;
			productType = "com.apple.product-type.bundle.ui-testing";
		};
/* End PBXNativeTarget section */

/* Begin PBXProject section */
		A231E7E524E1EF4B00CC835E /* Project object */ = {
			isa = PBXProject;
			attributes = {
				LastSwiftUpdateCheck = 1200;
				LastUpgradeCheck = 1200;
				TargetAttributes = {
					A231E7EC24E1EF4B00CC835E = {
						CreatedOnToolsVersion = 12.0;
					};
					A231E80124E1EF4E00CC835E = {
						CreatedOnToolsVersion = 12.0;
						TestTargetID = A231E7EC24E1EF4B00CC835E;
					};
					A231E80C24E1EF4E00CC835E = {
						CreatedOnToolsVersion = 12.0;
						TestTargetID = A231E7EC24E1EF4B00CC835E;
					};
				};
			};
			buildConfigurationList = A231E7E824E1EF4B00CC835E /* Build configuration list for PBXProject "Walrus" */;
			compatibilityVersion = "Xcode 9.3";
			developmentRegion = en;
			hasScannedForEncodings = 0;
			knownRegions = (
				en,
				Base,
			);
			mainGroup = A231E7E424E1EF4B00CC835E;
			productRefGroup = A231E7EE24E1EF4B00CC835E /* Products */;
			projectDirPath = "";
			projectRoot = "";
			targets = (
				A231E7EC24E1EF4B00CC835E /* Walrus */,
				A231E80124E1EF4E00CC835E /* WalrusTests */,
				A231E80C24E1EF4E00CC835E /* WalrusUITests */,
			);
		};
/* End PBXProject section */

/* Begin PBXResourcesBuildPhase section */
		A231E7EB24E1EF4B00CC835E /* Resources */ = {
			isa = PBXResourcesBuildPhase;
			buildActionMask = 2147483647;
			files = (
				A231E7FB24E1EF4E00CC835E /* Main.storyboard in Resources */,
				A231E7F824E1EF4E00CC835E /* Preview Assets.xcassets in Resources */,
				A231E7F524E1EF4E00CC835E /* Assets.xcassets in Resources */,
			);
			runOnlyForDeploymentPostprocessing = 0;
		};
		A231E80024E1EF4E00CC835E /* Resources */ = {
			isa = PBXResourcesBuildPhase;
			buildActionMask = 2147483647;
			files = (
			);
			runOnlyForDeploymentPostprocessing = 0;
		};
		A231E80B24E1EF4E00CC835E /* Resources */ = {
			isa = PBXResourcesBuildPhase;
			buildActionMask = 2147483647;
			files = (
			);
			runOnlyForDeploymentPostprocessing = 0;
		};
/* End PBXResourcesBuildPhase section */

/* Begin PBXSourcesBuildPhase section */
		A231E7E924E1EF4B00CC835E /* Sources */ = {
			isa = PBXSourcesBuildPhase;
			buildActionMask = 2147483647;
			files = (
				A231E82024E1F42700CC835E /* WebView.swift in Sources */,
				A231E7F324E1EF4B00CC835E /* ContentView.swift in Sources */,
				A231E7F124E1EF4B00CC835E /* AppDelegate.swift in Sources */,
			);
			runOnlyForDeploymentPostprocessing = 0;
		};
		A231E7FE24E1EF4E00CC835E /* Sources */ = {
			isa = PBXSourcesBuildPhase;
			buildActionMask = 2147483647;
			files = (
				A231E80724E1EF4E00CC835E /* WalrusTests.swift in Sources */,
			);
			runOnlyForDeploymentPostprocessing = 0;
		};
		A231E80924E1EF4E00CC835E /* Sources */ = {
			isa = PBXSourcesBuildPhase;
			buildActionMask = 2147483647;
			files = (
				A231E81224E1EF4E00CC835E /* WalrusUITests.swift in Sources */,
			);
			runOnlyForDeploymentPostprocessing = 0;
		};
/* End PBXSourcesBuildPhase section */

/* Begin PBXTargetDependency section */
		A231E80424E1EF4E00CC835E /* PBXTargetDependency */ = {
			isa = PBXTargetDependency;
			target = A231E7EC24E1EF4B00CC835E /* Walrus */;
			targetProxy = A231E80324E1EF4E00CC835E /* PBXContainerItemProxy */;
		};
		A231E80F24E1EF4E00CC835E /* PBXTargetDependency */ = {
			isa = PBXTargetDependency;
			target = A231E7EC24E1EF4B00CC835E /* Walrus */;
			targetProxy = A231E80E24E1EF4E00CC835E /* PBXContainerItemProxy */;
		};
/* End PBXTargetDependency section */

/* Begin PBXVariantGroup section */
		A231E7F924E1EF4E00CC835E /* Main.storyboard */ = {
			isa = PBXVariantGroup;
			children = (
				A231E7FA24E1EF4E00CC835E /* Base */,
			);
			name = Main.storyboard;
			sourceTree = "<group>";
		};
/* End PBXVariantGroup section */

/* Begin XCBuildConfiguration section */
		A231E81424E1EF4E00CC835E /* Debug */ = {
			isa = XCBuildConfiguration;
			buildSettings = {
				ALWAYS_SEARCH_USER_PATHS = NO;
				CLANG_ANALYZER_NONNULL = YES;
				CLANG_ANALYZER_NUMBER_OBJECT_CONVERSION = YES_AGGRESSIVE;
				CLANG_CXX_LANGUAGE_STANDARD = "gnu++14";
				CLANG_CXX_LIBRARY = "libc++";
				CLANG_ENABLE_MODULES = YES;
				CLANG_ENABLE_OBJC_ARC = YES;
				CLANG_ENABLE_OBJC_WEAK = YES;
				CLANG_WARN_BLOCK_CAPTURE_AUTORELEASING = YES;
				CLANG_WARN_BOOL_CONVERSION = YES;
				CLANG_WARN_COMMA = YES;
				CLANG_WARN_CONSTANT_CONVERSION = YES;
				CLANG_WARN_DEPRECATED_OBJC_IMPLEMENTATIONS = YES;
				CLANG_WARN_DIRECT_OBJC_ISA_USAGE = YES_ERROR;
				CLANG_WARN_DOCUMENTATION_COMMENTS = YES;
				CLANG_WARN_EMPTY_BODY = YES;
				CLANG_WARN_ENUM_CONVERSION = YES;
				CLANG_WARN_INFINITE_RECURSION = YES;
				CLANG_WARN_INT_CONVERSION = YES;
				CLANG_WARN_NON_LITERAL_NULL_CONVERSION = YES;
				CLANG_WARN_OBJC_IMPLICIT_RETAIN_SELF = YES;
				CLANG_WARN_OBJC_LITERAL_CONVERSION = YES;
				CLANG_WARN_OBJC_ROOT_CLASS = YES_ERROR;
				CLANG_WARN_QUOTED_INCLUDE_IN_FRAMEWORK_HEADER = YES;
				CLANG_WARN_RANGE_LOOP_ANALYSIS = YES;
				CLANG_WARN_STRICT_PROTOTYPES = YES;
				CLANG_WARN_SUSPICIOUS_MOVE = YES;
				CLANG_WARN_UNGUARDED_AVAILABILITY = YES_AGGRESSIVE;
				CLANG_WARN_UNREACHABLE_CODE = YES;
				CLANG_WARN__DUPLICATE_METHOD_MATCH = YES;
				COPY_PHASE_STRIP = NO;
				DEBUG_INFORMATION_FORMAT = dwarf;
				ENABLE_STRICT_OBJC_MSGSEND = YES;
				ENABLE_TESTABILITY = YES;
				GCC_C_LANGUAGE_STANDARD = gnu11;
				GCC_DYNAMIC_NO_PIC = NO;
				GCC_NO_COMMON_BLOCKS = YES;
				GCC_OPTIMIZATION_LEVEL = 0;
				GCC_PREPROCESSOR_DEFINITIONS = (
					"DEBUG=1",
					"$(inherited)",
				);
				GCC_WARN_64_TO_32_BIT_CONVERSION = YES;
				GCC_WARN_ABOUT_RETURN_TYPE = YES_ERROR;
				GCC_WARN_UNDECLARED_SELECTOR = YES;
				GCC_WARN_UNINITIALIZED_AUTOS = YES_AGGRESSIVE;
				GCC_WARN_UNUSED_FUNCTION = YES;
				GCC_WARN_UNUSED_VARIABLE = YES;
				MACOSX_DEPLOYMENT_TARGET = 10.15;
				MTL_ENABLE_DEBUG_INFO = INCLUDE_SOURCE;
				MTL_FAST_MATH = YES;
				ONLY_ACTIVE_ARCH = YES;
				SDKROOT = macosx;
				SWIFT_ACTIVE_COMPILATION_CONDITIONS = DEBUG;
				SWIFT_OPTIMIZATION_LEVEL = "-Onone";
			};
			name = Debug;
		};
		A231E81524E1EF4E00CC835E /* Release */ = {
			isa = XCBuildConfiguration;
			buildSettings = {
				ALWAYS_SEARCH_USER_PATHS = NO;
				CLANG_ANALYZER_NONNULL = YES;
				CLANG_ANALYZER_NUMBER_OBJECT_CONVERSION = YES_AGGRESSIVE;
				CLANG_CXX_LANGUAGE_STANDARD = "gnu++14";
				CLANG_CXX_LIBRARY = "libc++";
				CLANG_ENABLE_MODULES = YES;
				CLANG_ENABLE_OBJC_ARC = YES;
				CLANG_ENABLE_OBJC_WEAK = YES;
				CLANG_WARN_BLOCK_CAPTURE_AUTORELEASING = YES;
				CLANG_WARN_BOOL_CONVERSION = YES;
				CLANG_WARN_COMMA = YES;
				CLANG_WARN_CONSTANT_CONVERSION = YES;
				CLANG_WARN_DEPRECATED_OBJC_IMPLEMENTATIONS = YES;
				CLANG_WARN_DIRECT_OBJC_ISA_USAGE = YES_ERROR;
				CLANG_WARN_DOCUMENTATION_COMMENTS = YES;
				CLANG_WARN_EMPTY_BODY = YES;
				CLANG_WARN_ENUM_CONVERSION = YES;
				CLANG_WARN_INFINITE_RECURSION = YES;
				CLANG_WARN_INT_CONVERSION = YES;
				CLANG_WARN_NON_LITERAL_NULL_CONVERSION = YES;
				CLANG_WARN_OBJC_IMPLICIT_RETAIN_SELF = YES;
				CLANG_WARN_OBJC_LITERAL_CONVERSION = YES;
				CLANG_WARN_OBJC_ROOT_CLASS = YES_ERROR;
				CLANG_WARN_QUOTED_INCLUDE_IN_FRAMEWORK_HEADER = YES;
				CLANG_WARN_RANGE_LOOP_ANALYSIS = YES;
				CLANG_WARN_STRICT_PROTOTYPES = YES;
				CLANG_WARN_SUSPICIOUS_MOVE = YES;
				CLANG_WARN_UNGUARDED_AVAILABILITY = YES_AGGRESSIVE;
				CLANG_WARN_UNREACHABLE_CODE = YES;
				CLANG_WARN__DUPLICATE_METHOD_MATCH = YES;
				COPY_PHASE_STRIP = NO;
				DEBUG_INFORMATION_FORMAT = "dwarf-with-dsym";
				ENABLE_NS_ASSERTIONS = NO;
				ENABLE_STRICT_OBJC_MSGSEND = YES;
				GCC_C_LANGUAGE_STANDARD = gnu11;
				GCC_NO_COMMON_BLOCKS = YES;
				GCC_WARN_64_TO_32_BIT_CONVERSION = YES;
				GCC_WARN_ABOUT_RETURN_TYPE = YES_ERROR;
				GCC_WARN_UNDECLARED_SELECTOR = YES;
				GCC_WARN_UNINITIALIZED_AUTOS = YES_AGGRESSIVE;
				GCC_WARN_UNUSED_FUNCTION = YES;
				GCC_WARN_UNUSED_VARIABLE = YES;
				MACOSX_DEPLOYMENT_TARGET = 10.15;
				MTL_ENABLE_DEBUG_INFO = NO;
				MTL_FAST_MATH = YES;
				SDKROOT = macosx;
				SWIFT_COMPILATION_MODE = wholemodule;
				SWIFT_OPTIMIZATION_LEVEL = "-O";
			};
			name = Release;
		};
		A231E81724E1EF4E00CC835E /* Debug */ = {
			isa = XCBuildConfiguration;
			buildSettings = {
				ASSETCATALOG_COMPILER_APPICON_NAME = AppIcon;
				ASSETCATALOG_COMPILER_GLOBAL_ACCENT_COLOR_NAME = AccentColor;
				CODE_SIGN_ENTITLEMENTS = Walrus/Walrus.entitlements;
				CODE_SIGN_STYLE = Automatic;
				COMBINE_HIDPI_IMAGES = YES;
				DEVELOPMENT_ASSET_PATHS = "\"Walrus/Preview Content\"";
				DEVELOPMENT_TEAM = B2PA9L8XD3;
				ENABLE_HARDENED_RUNTIME = YES;
				ENABLE_PREVIEWS = YES;
				INFOPLIST_FILE = Walrus/Info.plist;
				LD_RUNPATH_SEARCH_PATHS = (
					"$(inherited)",
					"@executable_path/../Frameworks",
				);
				MACOSX_DEPLOYMENT_TARGET = 10.15;
				PRODUCT_BUNDLE_IDENTIFIER = guru.theappguy.Walrus;
				PRODUCT_NAME = "$(TARGET_NAME)";
				SWIFT_VERSION = 5.0;
			};
			name = Debug;
		};
		A231E81824E1EF4E00CC835E /* Release */ = {
			isa = XCBuildConfiguration;
			buildSettings = {
				ASSETCATALOG_COMPILER_APPICON_NAME = AppIcon;
				ASSETCATALOG_COMPILER_GLOBAL_ACCENT_COLOR_NAME = AccentColor;
				CODE_SIGN_ENTITLEMENTS = Walrus/Walrus.entitlements;
				CODE_SIGN_STYLE = Automatic;
				COMBINE_HIDPI_IMAGES = YES;
				DEVELOPMENT_ASSET_PATHS = "\"Walrus/Preview Content\"";
				DEVELOPMENT_TEAM = B2PA9L8XD3;
				ENABLE_HARDENED_RUNTIME = YES;
				ENABLE_PREVIEWS = YES;
				INFOPLIST_FILE = Walrus/Info.plist;
				LD_RUNPATH_SEARCH_PATHS = (
					"$(inherited)",
					"@executable_path/../Frameworks",
				);
				MACOSX_DEPLOYMENT_TARGET = 10.15;
				PRODUCT_BUNDLE_IDENTIFIER = guru.theappguy.Walrus;
				PRODUCT_NAME = "$(TARGET_NAME)";
				SWIFT_VERSION = 5.0;
			};
			name = Release;
		};
		A231E81A24E1EF4E00CC835E /* Debug */ = {
			isa = XCBuildConfiguration;
			buildSettings = {
				ALWAYS_EMBED_SWIFT_STANDARD_LIBRARIES = YES;
				BUNDLE_LOADER = "$(TEST_HOST)";
				CODE_SIGN_STYLE = Automatic;
				COMBINE_HIDPI_IMAGES = YES;
				DEVELOPMENT_TEAM = B2PA9L8XD3;
				INFOPLIST_FILE = WalrusTests/Info.plist;
				LD_RUNPATH_SEARCH_PATHS = (
					"$(inherited)",
					"@executable_path/../Frameworks",
					"@loader_path/../Frameworks",
				);
				MACOSX_DEPLOYMENT_TARGET = 10.15;
				PRODUCT_BUNDLE_IDENTIFIER = guru.theappguy.WalrusTests;
				PRODUCT_NAME = "$(TARGET_NAME)";
				SWIFT_VERSION = 5.0;
				TEST_HOST = "$(BUILT_PRODUCTS_DIR)/Walrus.app/Contents/MacOS/Walrus";
			};
			name = Debug;
		};
		A231E81B24E1EF4E00CC835E /* Release */ = {
			isa = XCBuildConfiguration;
			buildSettings = {
				ALWAYS_EMBED_SWIFT_STANDARD_LIBRARIES = YES;
				BUNDLE_LOADER = "$(TEST_HOST)";
				CODE_SIGN_STYLE = Automatic;
				COMBINE_HIDPI_IMAGES = YES;
				DEVELOPMENT_TEAM = B2PA9L8XD3;
				INFOPLIST_FILE = WalrusTests/Info.plist;
				LD_RUNPATH_SEARCH_PATHS = (
					"$(inherited)",
					"@executable_path/../Frameworks",
					"@loader_path/../Frameworks",
				);
				MACOSX_DEPLOYMENT_TARGET = 10.15;
				PRODUCT_BUNDLE_IDENTIFIER = guru.theappguy.WalrusTests;
				PRODUCT_NAME = "$(TARGET_NAME)";
				SWIFT_VERSION = 5.0;
				TEST_HOST = "$(BUILT_PRODUCTS_DIR)/Walrus.app/Contents/MacOS/Walrus";
			};
			name = Release;
		};
		A231E81D24E1EF4E00CC835E /* Debug */ = {
			isa = XCBuildConfiguration;
			buildSettings = {
				ALWAYS_EMBED_SWIFT_STANDARD_LIBRARIES = YES;
				CODE_SIGN_STYLE = Automatic;
				COMBINE_HIDPI_IMAGES = YES;
				DEVELOPMENT_TEAM = B2PA9L8XD3;
				INFOPLIST_FILE = WalrusUITests/Info.plist;
				LD_RUNPATH_SEARCH_PATHS = (
					"$(inherited)",
					"@executable_path/../Frameworks",
					"@loader_path/../Frameworks",
				);
				PRODUCT_BUNDLE_IDENTIFIER = guru.theappguy.WalrusUITests;
				PRODUCT_NAME = "$(TARGET_NAME)";
				SWIFT_VERSION = 5.0;
				TEST_TARGET_NAME = Walrus;
			};
			name = Debug;
		};
		A231E81E24E1EF4E00CC835E /* Release */ = {
			isa = XCBuildConfiguration;
			buildSettings = {
				ALWAYS_EMBED_SWIFT_STANDARD_LIBRARIES = YES;
				CODE_SIGN_STYLE = Automatic;
				COMBINE_HIDPI_IMAGES = YES;
				DEVELOPMENT_TEAM = B2PA9L8XD3;
				INFOPLIST_FILE = WalrusUITests/Info.plist;
				LD_RUNPATH_SEARCH_PATHS = (
					"$(inherited)",
					"@executable_path/../Frameworks",
					"@loader_path/../Frameworks",
				);
				PRODUCT_BUNDLE_IDENTIFIER = guru.theappguy.WalrusUITests;
				PRODUCT_NAME = "$(TARGET_NAME)";
				SWIFT_VERSION = 5.0;
				TEST_TARGET_NAME = Walrus;
			};
			name = Release;
		};
/* End XCBuildConfiguration section */

/* Begin XCConfigurationList section */
		A231E7E824E1EF4B00CC835E /* Build configuration list for PBXProject "Walrus" */ = {
			isa = XCConfigurationList;
			buildConfigurations = (
				A231E81424E1EF4E00CC835E /* Debug */,
				A231E81524E1EF4E00CC835E /* Release */,
			);
			defaultConfigurationIsVisible = 0;
			defaultConfigurationName = Release;
		};
		A231E81624E1EF4E00CC835E /* Build configuration list for PBXNativeTarget "Walrus" */ = {
			isa = XCConfigurationList;
			buildConfigurations = (
				A231E81724E1EF4E00CC835E /* Debug */,
				A231E81824E1EF4E00CC835E /* Release */,
			);
			defaultConfigurationIsVisible = 0;
			defaultConfigurationName = Release;
		};
		A231E81924E1EF4E00CC835E /* Build configuration list for PBXNativeTarget "WalrusTests" */ = {
			isa = XCConfigurationList;
			buildConfigurations = (
				A231E81A24E1EF4E00CC835E /* Debug */,
				A231E81B24E1EF4E00CC835E /* Release */,
			);
			defaultConfigurationIsVisible = 0;
			defaultConfigurationName = Release;
		};
		A231E81C24E1EF4E00CC835E /* Build configuration list for PBXNativeTarget "WalrusUITests" */ = {
			isa = XCConfigurationList;
			buildConfigurations = (
				A231E81D24E1EF4E00CC835E /* Debug */,
				A231E81E24E1EF4E00CC835E /* Release */,
			);
			defaultConfigurationIsVisible = 0;
			defaultConfigurationName = Release;
		};
/* End XCConfigurationList section */
	};
	rootObject = A231E7E524E1EF4B00CC835E /* Project object */;
}
